{
  "version": 4,
  "terraform_version": "1.13.4",
  "serial": 20,
  "lineage": "04706ab1-57da-3574-20ba-1bcde1cf63d6",
  "outputs": {
    "my-ec2-instance-id": {
      "value": "i-06e74d8b999beb199",
      "type": "string"
    },
    "my-ec2-pb-ip": {
      "value": "13.239.244.87",
      "type": "string"
    }
  },
  "resources": [
    {
      "mode": "managed",
      "type": "aws_instance",
      "name": "example",
      "provider": "provider[\"registry.terraform.io/hashicorp/aws\"]",
      "instances": [
        {
          "schema_version": 2,
          "attributes": {
            "ami": "ami-0a25a306450a2cba3",
            "arn": "arn:aws:ec2:ap-southeast-2:992382386705:instance/i-06e74d8b999beb199",
            "associate_public_ip_address": true,
            "availability_zone": "ap-southeast-2a",
            "capacity_reservation_specification": [
              {
                "capacity_reservation_preference": "open",
                "capacity_reservation_target": []
              }
            ],
            "cpu_options": [
              {
                "amd_sev_snp": "",
                "core_count": 1,
                "threads_per_core": 1
              }
            ],
            "credit_specification": [
              {
                "cpu_credits": "standard"
              }
            ],
            "disable_api_stop": false,
            "disable_api_termination": false,
            "ebs_block_device": [],
            "ebs_optimized": false,
            "enable_primary_ipv6": null,
            "enclave_options": [
              {
                "enabled": false
              }
            ],
            "ephemeral_block_device": [],
            "force_destroy": false,
            "get_password_data": false,
            "hibernation": false,
            "host_id": "",
            "host_resource_group_arn": null,
            "iam_instance_profile": "",
            "id": "i-06e74d8b999beb199",
            "instance_initiated_shutdown_behavior": "stop",
            "instance_lifecycle": "",
            "instance_market_options": [],
            "instance_state": "running",
            "instance_type": "t2.nano",
            "ipv6_address_count": 0,
            "ipv6_addresses": [],
            "key_name": "roche-key",
            "launch_template": [],
            "maintenance_options": [
              {
                "auto_recovery": "default"
              }
            ],
            "metadata_options": [
              {
                "http_endpoint": "enabled",
                "http_protocol_ipv6": "disabled",
                "http_put_response_hop_limit": 2,
                "http_tokens": "required",
                "instance_metadata_tags": "disabled"
              }
            ],
            "monitoring": false,
            "network_interface": [],
            "outpost_arn": "",
            "password_data": "",
            "placement_group": "",
            "placement_group_id": "",
            "placement_partition_number": 0,
            "primary_network_interface": [
              {
                "delete_on_termination": true,
                "network_interface_id": "eni-01ae326ca690c4437"
              }
            ],
            "primary_network_interface_id": "eni-01ae326ca690c4437",
            "private_dns": "ip-172-31-3-26.ap-southeast-2.compute.internal",
            "private_dns_name_options": [
              {
                "enable_resource_name_dns_a_record": false,
                "enable_resource_name_dns_aaaa_record": false,
                "hostname_type": "ip-name"
              }
            ],
            "private_ip": "172.31.3.26",
            "public_dns": "ec2-13-239-244-87.ap-southeast-2.compute.amazonaws.com",
            "public_ip": "13.239.244.87",
            "region": "ap-southeast-2",
            "root_block_device": [
              {
                "delete_on_termination": true,
                "device_name": "/dev/xvda",
                "encrypted": false,
                "iops": 3000,
                "kms_key_id": "",
                "tags": {},
                "tags_all": {},
                "throughput": 125,
                "volume_id": "vol-09114f2b08a3c07a6",
                "volume_size": 8,
                "volume_type": "gp3"
              }
            ],
            "secondary_private_ips": [],
            "security_groups": [
              "default"
            ],
            "source_dest_check": true,
            "spot_instance_request_id": "",
            "subnet_id": "subnet-0fbb37463a410cc27",
            "tags": {
              "Name": "ketan-vm"
            },
            "tags_all": {
              "Name": "ketan-vm"
            },
            "tenancy": "default",
            "timeouts": null,
            "user_data": null,
            "user_data_base64": null,
            "user_data_replace_on_change": false,
            "volume_tags": null,
            "vpc_security_group_ids": [
              "sg-0ecf90d16e8f7ff88"
            ]
          },
          "sensitive_attributes": [],
          "identity_schema_version": 0,
          "identity": {
            "account_id": "992382386705",
            "id": "i-06e74d8b999beb199",
            "region": "ap-southeast-2"
          },
          "private": "eyJlMmJmYjczMC1lY2FhLTExZTYtOGY4OC0zNDM2M2JjN2M0YzAiOnsiY3JlYXRlIjo2MDAwMDAwMDAwMDAsImRlbGV0ZSI6MTIwMDAwMDAwMDAwMCwicmVhZCI6OTAwMDAwMDAwMDAwLCJ1cGRhdGUiOjYwMDAwMDAwMDAwMH0sInNjaGVtYV92ZXJzaW9uIjoiMiJ9"
        }
      ]
    },
    {
      "mode": "managed",
      "type": "local_file",
      "name": "ketan-data",
      "provider": "provider[\"registry.terraform.io/hashicorp/local\"]",
      "instances": [
        {
          "schema_version": 0,
          "attributes": {
            "content": "13.239.244.87",
            "content_base64": null,
            "content_base64sha256": "SPzxCqPuhRaTOouyNkxUD+IoMxWK2SvHHGSGaHe6yuc=",
            "content_base64sha512": "hFnvMxhp/Sp4fUq63ojUFrES2YDnoec5kRdlQwa9+pT8D6LlK2TJtaCL5qtlqs/Lou89UROYxCVuq9iZhlXlvw==",
            "content_md5": "3fada59818ec8a587a4d75ffc370ed2a",
            "content_sha1": "7d18e24654b8b5e91140d0187426e6e09d09d762",
            "content_sha256": "48fcf10aa3ee8516933a8bb2364c540fe22833158ad92bc71c64866877bacae7",
            "content_sha512": "8459ef331869fd2a787d4abade88d416b112d980e7a1e7399117654306bdfa94fc0fa2e52b64c9b5a08be6ab65aacfcba2ef3d511398c4256eabd8998655e5bf",
            "directory_permission": "0777",
            "file_permission": "0777",
            "filename": "./myip.txt",
            "id": "7d18e24654b8b5e91140d0187426e6e09d09d762",
            "sensitive_content": null,
            "source": null
          },
          "sensitive_attributes": [
            [
              {
                "type": "get_attr",
                "value": "sensitive_content"
              }
            ]
          ],
          "identity_schema_version": 0,
          "dependencies": [
            "aws_instance.example"
          ]
        }
      ]
    }
  ],
  "check_results": null
}
